
Microsoft Visual Studio Solution File, Format Version 12.00
# Visual Studio 15
Project("{FAE04EC0-301F-11D3-BF4B-00C04F79EFBC}") = "dimensionalize", "dimensionalize\dimensionalize.csproj", "{20438DCC-8316-463B-AFAD-9437605BB60C}"
EndProject
Global
	GlobalSection(SolutionConfigurationPlatforms) = preSolution
		Debug|Any CPU = Debug|Any CPU
		Release|Any CPU = Release|Any CPU
	EndGlobalSection
	GlobalSection(ProjectConfigurationPlatforms) = postSolution
		{20438DCC-8316-463B-AFAD-9437605BB60C}.Debug|Any CPU.ActiveCfg = Debug|Any CPU
		{20438DCC-8316-463B-AFAD-9437605BB60C}.Debug|Any CPU.Build.0 = Debug|Any CPU
		{20438DCC-8316-463B-AFAD-9437605BB60C}.Release|Any CPU.ActiveCfg = Release|Any CPU
		{20438DCC-8316-463B-AFAD-9437605BB60C}.Release|Any CPU.Build.0 = Release|Any CPU
	EndGlobalSection
EndGlobal
